// !$*UTF8*$!
{
	archiveVersion = 1;
	classes = {
	};
	objectVersion = 50;
	objects = {

/* Begin PBXBuildFile section */
		2902355822A9393C008DF41C /* UIView.swift in Sources */ = {isa = PBXBuildFile; fileRef = 2902355722A9393C008DF41C /* UIView.swift */; };
		290B1D8022B27A6E00B00638 /* UIImagePickerController.swift in Sources */ = {isa = PBXBuildFile; fileRef = 290B1D7F22B27A6E00B00638 /* UIImagePickerController.swift */; };
		29106A43227B1B0900F1BE0D /* AppDelegate.swift in Sources */ = {isa = PBXBuildFile; fileRef = 29106A42227B1B0900F1BE0D /* AppDelegate.swift */; };
		29106A45227B1B0900F1BE0D /* ViewController.swift in Sources */ = {isa = PBXBuildFile; fileRef = 29106A44227B1B0900F1BE0D /* ViewController.swift */; };
		29106A48227B1B0900F1BE0D /* Main.storyboard in Resources */ = {isa = PBXBuildFile; fileRef = 29106A46227B1B0900F1BE0D /* Main.storyboard */; };
		29106A4A227B1B0A00F1BE0D /* Assets.xcassets in Resources */ = {isa = PBXBuildFile; fileRef = 29106A49227B1B0A00F1BE0D /* Assets.xcassets */; };
		29106A4D227B1B0A00F1BE0D /* LaunchScreen.storyboard in Resources */ = {isa = PBXBuildFile; fileRef = 29106A4B227B1B0A00F1BE0D /* LaunchScreen.storyboard */; };
		29106A582283626B00F1BE0D /* ThirstySoftRegular.otf in Resources */ = {isa = PBXBuildFile; fileRef = 29106A562283626B00F1BE0D /* ThirstySoftRegular.otf */; };
		29106A592283626B00F1BE0D /* Delm-Medium.otf in Resources */ = {isa = PBXBuildFile; fileRef = 29106A572283626B00F1BE0D /* Delm-Medium.otf */; };
/* End PBXBuildFile section */

/* Begin PBXFileReference section */
		2902355722A9393C008DF41C /* UIView.swift */ = {isa = PBXFileReference; lastKnownFileType = sourcecode.swift; path = UIView.swift; sourceTree = "<group>"; };
		290B1D7F22B27A6E00B00638 /* UIImagePickerController.swift */ = {isa = PBXFileReference; lastKnownFileType = sourcecode.swift; path = UIImagePickerController.swift; sourceTree = "<group>"; };
		29106A3F227B1B0900F1BE0D /* InstaGrid.app */ = {isa = PBXFileReference; explicitFileType = wrapper.application; includeInIndex = 0; path = InstaGrid.app; sourceTree = BUILT_PRODUCTS_DIR; };
		29106A42227B1B0900F1BE0D /* AppDelegate.swift */ = {isa = PBXFileReference; lastKnownFileType = sourcecode.swift; path = AppDelegate.swift; sourceTree = "<group>"; };
		29106A44227B1B0900F1BE0D /* ViewController.swift */ = {isa = PBXFileReference; lastKnownFileType = sourcecode.swift; path = ViewController.swift; sourceTree = "<group>"; };
		29106A47227B1B0900F1BE0D /* Base */ = {isa = PBXFileReference; lastKnownFileType = file.storyboard; name = Base; path = Base.lproj/Main.storyboard; sourceTree = "<group>"; };
		29106A49227B1B0A00F1BE0D /* Assets.xcassets */ = {isa = PBXFileReference; lastKnownFileType = folder.assetcatalog; path = Assets.xcassets; sourceTree = "<group>"; };
		29106A4C227B1B0A00F1BE0D /* Base */ = {isa = PBXFileReference; lastKnownFileType = file.storyboard; name = Base; path = Base.lproj/LaunchScreen.storyboard; sourceTree = "<group>"; };
		29106A4E227B1B0A00F1BE0D /* Info.plist */ = {isa = PBXFileReference; lastKnownFileType = text.plist.xml; path = Info.plist; sourceTree = "<group>"; };
		29106A562283626B00F1BE0D /* ThirstySoftRegular.otf */ = {isa = PBXFileReference; lastKnownFileType = file; path = ThirstySoftRegular.otf; sourceTree = "<group>"; };
		29106A572283626B00F1BE0D /* Delm-Medium.otf */ = {isa = PBXFileReference; lastKnownFileType = file; path = "Delm-Medium.otf"; sourceTree = "<group>"; };
/* End PBXFileReference section */

/* Begin PBXFrameworksBuildPhase section */
		29106A3C227B1B0900F1BE0D /* Frameworks */ = {
			isa = PBXFrameworksBuildPhase;
			buildActionMask = 2147483647;
			files = (
			);
			runOnlyForDeploymentPostprocessing = 0;
		};
/* End PBXFrameworksBuildPhase section */

/* Begin PBXGroup section */
		29106A36227B1B0900F1BE0D = {
			isa = PBXGroup;
			children = (
				29106A41227B1B0900F1BE0D /* InstaGrid */,
				29106A40227B1B0900F1BE0D /* Products */,
			);
			sourceTree = "<group>";
		};
		29106A40227B1B0900F1BE0D /* Products */ = {
			isa = PBXGroup;
			children = (
				29106A3F227B1B0900F1BE0D /* InstaGrid.app */,
			);
			name = Products;
			sourceTree = "<group>";
		};
		29106A41227B1B0900F1BE0D /* InstaGrid */ = {
			isa = PBXGroup;
			children = (
				29D1850122B17788002AF87C /* Extensions */,
				29D184FE22B16D13002AF87C /* Controller */,
				29D1850022B16D51002AF87C /* View */,
				29D184FF22B16D22002AF87C /* Supporting FIles */,
			);
			path = InstaGrid;
			sourceTree = "<group>";
		};
		29D184FE22B16D13002AF87C /* Controller */ = {
			isa = PBXGroup;
			children = (
				29106A44227B1B0900F1BE0D /* ViewController.swift */,
			);
			path = Controller;
			sourceTree = "<group>";
		};
		29D184FF22B16D22002AF87C /* Supporting FIles */ = {
			isa = PBXGroup;
			children = (
				29106A4E227B1B0A00F1BE0D /* Info.plist */,
				29106A562283626B00F1BE0D /* ThirstySoftRegular.otf */,
				29106A572283626B00F1BE0D /* Delm-Medium.otf */,
				29106A4B227B1B0A00F1BE0D /* LaunchScreen.storyboard */,
				29106A42227B1B0900F1BE0D /* AppDelegate.swift */,
				29106A49227B1B0A00F1BE0D /* Assets.xcassets */,
			);
			path = "Supporting FIles";
			sourceTree = "<group>";
		};
		29D1850022B16D51002AF87C /* View */ = {
			isa = PBXGroup;
			children = (
				29106A46227B1B0900F1BE0D /* Main.storyboard */,
			);
			path = View;
			sourceTree = "<group>";
		};
		29D1850122B17788002AF87C /* Extensions */ = {
			isa = PBXGroup;
			children = (
				2902355722A9393C008DF41C /* UIView.swift */,
				290B1D7F22B27A6E00B00638 /* UIImagePickerController.swift */,
			);
			path = Extensions;
			sourceTree = "<group>";
		};
/* End PBXGroup section */

/* Begin PBXNativeTarget section */
		29106A3E227B1B0900F1BE0D /* InstaGrid */ = {
			isa = PBXNativeTarget;
			buildConfigurationList = 29106A51227B1B0A00F1BE0D /* Build configuration list for PBXNativeTarget "InstaGrid" */;
			buildPhases = (
				29106A3B227B1B0900F1BE0D /* Sources */,
				29106A3C227B1B0900F1BE0D /* Frameworks */,
				29106A3D227B1B0900F1BE0D /* Resources */,
			);
			buildRules = (
			);
			dependencies = (
			);
			name = InstaGrid;
			productName = InstaGrid;
			productReference = 29106A3F227B1B0900F1BE0D /* InstaGrid.app */;
			productType = "com.apple.product-type.application";
		};
/* End PBXNativeTarget section */

/* Begin PBXProject section */
		29106A37227B1B0900F1BE0D /* Project object */ = {
			isa = PBXProject;
			attributes = {
				LastSwiftUpdateCheck = 1020;
				LastUpgradeCheck = 1020;
				ORGANIZATIONNAME = "Quentin Marlas";
				TargetAttributes = {
					29106A3E227B1B0900F1BE0D = {
						CreatedOnToolsVersion = 10.2.1;
					};
				};
			};
			buildConfigurationList = 29106A3A227B1B0900F1BE0D /* Build configuration list for PBXProject "InstaGrid" */;
			compatibilityVersion = "Xcode 9.3";
			developmentRegion = en;
			hasScannedForEncodings = 0;
			knownRegions = (
				en,
				Base,
			);
			mainGroup = 29106A36227B1B0900F1BE0D;
			productRefGroup = 29106A40227B1B0900F1BE0D /* Products */;
			projectDirPath = "";
			projectRoot = "";
			targets = (
				29106A3E227B1B0900F1BE0D /* InstaGrid */,
			);
		};
/* End PBXProject section */

/* Begin PBXResourcesBuildPhase section */
		29106A3D227B1B0900F1BE0D /* Resources */ = {
			isa = PBXResourcesBuildPhase;
			buildActionMask = 2147483647;
			files = (
				29106A4D227B1B0A00F1BE0D /* LaunchScreen.storyboard in Resources */,
				29106A592283626B00F1BE0D /* Delm-Medium.otf in Resources */,
				29106A4A227B1B0A00F1BE0D /* Assets.xcassets in Resources */,
				29106A582283626B00F1BE0D /* ThirstySoftRegular.otf in Resources */,
				29106A48227B1B0900F1BE0D /* Main.storyboard in Resources */,
			);
			runOnlyForDeploymentPostprocessing = 0;
		};
/* End PBXResourcesBuildPhase section */

/* Begin PBXSourcesBuildPhase section */
		29106A3B227B1B0900F1BE0D /* Sources */ = {
			isa = PBXSourcesBuildPhase;
			buildActionMask = 2147483647;
			files = (
				29106A45227B1B0900F1BE0D /* ViewController.swift in Sources */,
				2902355822A9393C008DF41C /* UIView.swift in Sources */,
				29106A43227B1B0900F1BE0D /* AppDelegate.swift in Sources */,
				290B1D8022B27A6E00B00638 /* UIImagePickerController.swift in Sources */,
			);
			runOnlyForDeploymentPostprocessing = 0;
		};
/* End PBXSourcesBuildPhase section */

/* Begin PBXVariantGroup section */
		29106A46227B1B0900F1BE0D /* Main.storyboard */ = {
			isa = PBXVariantGroup;
			children = (
				29106A47227B1B0900F1BE0D /* Base */,
			);
			name = Main.storyboard;
			sourceTree = "<group>";
		};
		29106A4B227B1B0A00F1BE0D /* LaunchScreen.storyboard */ = {
			isa = PBXVariantGroup;
			children = (
				29106A4C227B1B0A00F1BE0D /* Base */,
			);
			name = LaunchScreen.storyboard;
			sourceTree = "<group>";
		};
/* End PBXVariantGroup section */

/* Begin XCBuildConfiguration section */
		29106A4F227B1B0A00F1BE0D /* Debug */ = {
			isa = XCBuildConfiguration;
			buildSettings = {
				ALWAYS_SEARCH_USER_PATHS = NO;
				CLANG_ANALYZER_NONNULL = YES;
				CLANG_ANALYZER_NUMBER_OBJECT_CONVERSION = YES_AGGRESSIVE;
				CLANG_CXX_LANGUAGE_STANDARD = "gnu++14";
				CLANG_CXX_LIBRARY = "libc++";
				CLANG_ENABLE_MODULES = YES;
				CLANG_ENABLE_OBJC_ARC = YES;
				CLANG_ENABLE_OBJC_WEAK = YES;
				CLANG_WARN_BLOCK_CAPTURE_AUTORELEASING = YES;
				CLANG_WARN_BOOL_CONVERSION = YES;
				CLANG_WARN_COMMA = YES;
				CLANG_WARN_CONSTANT_CONVERSION = YES;
				CLANG_WARN_DEPRECATED_OBJC_IMPLEMENTATIONS = YES;
				CLANG_WARN_DIRECT_OBJC_ISA_USAGE = YES_ERROR;
				CLANG_WARN_DOCUMENTATION_COMMENTS = YES;
				CLANG_WARN_EMPTY_BODY = YES;
				CLANG_WARN_ENUM_CONVERSION = YES;
				CLANG_WARN_INFINITE_RECURSION = YES;
				CLANG_WARN_INT_CONVERSION = YES;
				CLANG_WARN_NON_LITERAL_NULL_CONVERSION = YES;
				CLANG_WARN_OBJC_IMPLICIT_RETAIN_SELF = YES;
				CLANG_WARN_OBJC_LITERAL_CONVERSION = YES;
				CLANG_WARN_OBJC_ROOT_CLASS = YES_ERROR;
				CLANG_WARN_RANGE_LOOP_ANALYSIS = YES;
				CLANG_WARN_STRICT_PROTOTYPES = YES;
				CLANG_WARN_SUSPICIOUS_MOVE = YES;
				CLANG_WARN_UNGUARDED_AVAILABILITY = YES_AGGRESSIVE;
				CLANG_WARN_UNREACHABLE_CODE = YES;
				CLANG_WARN__DUPLICATE_METHOD_MATCH = YES;
				CODE_SIGN_IDENTITY = "iPhone Developer";
				COPY_PHASE_STRIP = NO;
				DEBUG_INFORMATION_FORMAT = dwarf;
				ENABLE_STRICT_OBJC_MSGSEND = YES;
				ENABLE_TESTABILITY = YES;
				GCC_C_LANGUAGE_STANDARD = gnu11;
				GCC_DYNAMIC_NO_PIC = NO;
				GCC_NO_COMMON_BLOCKS = YES;
				GCC_OPTIMIZATION_LEVEL = 0;
				GCC_PREPROCESSOR_DEFINITIONS = (
					"DEBUG=1",
					"$(inherited)",
				);
				GCC_WARN_64_TO_32_BIT_CONVERSION = YES;
				GCC_WARN_ABOUT_RETURN_TYPE = YES_ERROR;
				GCC_WARN_UNDECLARED_SELECTOR = YES;
				GCC_WARN_UNINITIALIZED_AUTOS = YES_AGGRESSIVE;
				GCC_WARN_UNUSED_FUNCTION = YES;
				GCC_WARN_UNUSED_VARIABLE = YES;
				IPHONEOS_DEPLOYMENT_TARGET = 12.2;
				MTL_ENABLE_DEBUG_INFO = INCLUDE_SOURCE;
				MTL_FAST_MATH = YES;
				ONLY_ACTIVE_ARCH = YES;
				SDKROOT = iphoneos;
				SWIFT_ACTIVE_COMPILATION_CONDITIONS = DEBUG;
				SWIFT_OPTIMIZATION_LEVEL = "-Onone";
			};
			name = Debug;
		};
		29106A50227B1B0A00F1BE0D /* Release */ = {
			isa = XCBuildConfiguration;
			buildSettings = {
				ALWAYS_SEARCH_USER_PATHS = NO;
				CLANG_ANALYZER_NONNULL = YES;
				CLANG_ANALYZER_NUMBER_OBJECT_CONVERSION = YES_AGGRESSIVE;
				CLANG_CXX_LANGUAGE_STANDARD = "gnu++14";
				CLANG_CXX_LIBRARY = "libc++";
				CLANG_ENABLE_MODULES = YES;
				CLANG_ENABLE_OBJC_ARC = YES;
				CLANG_ENABLE_OBJC_WEAK = YES;
				CLANG_WARN_BLOCK_CAPTURE_AUTORELEASING = YES;
				CLANG_WARN_BOOL_CONVERSION = YES;
				CLANG_WARN_COMMA = YES;
				CLANG_WARN_CONSTANT_CONVERSION = YES;
				CLANG_WARN_DEPRECATED_OBJC_IMPLEMENTATIONS = YES;
				CLANG_WARN_DIRECT_OBJC_ISA_USAGE = YES_ERROR;
				CLANG_WARN_DOCUMENTATION_COMMENTS = YES;
				CLANG_WARN_EMPTY_BODY = YES;
				CLANG_WARN_ENUM_CONVERSION = YES;
				CLANG_WARN_INFINITE_RECURSION = YES;
				CLANG_WARN_INT_CONVERSION = YES;
				CLANG_WARN_NON_LITERAL_NULL_CONVERSION = YES;
				CLANG_WARN_OBJC_IMPLICIT_RETAIN_SELF = YES;
				CLANG_WARN_OBJC_LITERAL_CONVERSION = YES;
				CLANG_WARN_OBJC_ROOT_CLASS = YES_ERROR;
				CLANG_WARN_RANGE_LOOP_ANALYSIS = YES;
				CLANG_WARN_STRICT_PROTOTYPES = YES;
				CLANG_WARN_SUSPICIOUS_MOVE = YES;
				CLANG_WARN_UNGUARDED_AVAILABILITY = YES_AGGRESSIVE;
				CLANG_WARN_UNREACHABLE_CODE = YES;
				CLANG_WARN__DUPLICATE_METHOD_MATCH = YES;
				CODE_SIGN_IDENTITY = "iPhone Developer";
				COPY_PHASE_STRIP = NO;
				DEBUG_INFORMATION_FORMAT = "dwarf-with-dsym";
				ENABLE_NS_ASSERTIONS = NO;
				ENABLE_STRICT_OBJC_MSGSEND = YES;
				GCC_C_LANGUAGE_STANDARD = gnu11;
				GCC_NO_COMMON_BLOCKS = YES;
				GCC_WARN_64_TO_32_BIT_CONVERSION = YES;
				GCC_WARN_ABOUT_RETURN_TYPE = YES_ERROR;
				GCC_WARN_UNDECLARED_SELECTOR = YES;
				GCC_WARN_UNINITIALIZED_AUTOS = YES_AGGRESSIVE;
				GCC_WARN_UNUSED_FUNCTION = YES;
				GCC_WARN_UNUSED_VARIABLE = YES;
				IPHONEOS_DEPLOYMENT_TARGET = 12.2;
				MTL_ENABLE_DEBUG_INFO = NO;
				MTL_FAST_MATH = YES;
				SDKROOT = iphoneos;
				SWIFT_COMPILATION_MODE = wholemodule;
				SWIFT_OPTIMIZATION_LEVEL = "-O";
				VALIDATE_PRODUCT = YES;
			};
			name = Release;
		};
		29106A52227B1B0A00F1BE0D /* Debug */ = {
			isa = XCBuildConfiguration;
			buildSettings = {
				ASSETCATALOG_COMPILER_APPICON_NAME = AppIcon;
				CODE_SIGN_STYLE = Automatic;
				DEVELOPMENT_TEAM = 94G4HMUPVL;
				INFOPLIST_FILE = "$(SRCROOT)/InstaGrid/Supporting FIles/Info.plist";
				LD_RUNPATH_SEARCH_PATHS = (
					"$(inherited)",
					"@executable_path/Frameworks",
				);
				PRODUCT_BUNDLE_IDENTIFIER = com.QuentinMarlas.InstaGrid;
				PRODUCT_NAME = "$(TARGET_NAME)";
				SWIFT_VERSION = 5.0;
				TARGETED_DEVICE_FAMILY = "1,2";
			};
			name = Debug;
		};
		29106A53227B1B0A00F1BE0D /* Release */ = {
			isa = XCBuildConfiguration;
			buildSettings = {
				ASSETCATALOG_COMPILER_APPICON_NAME = AppIcon;
				CODE_SIGN_STYLE = Automatic;
				DEVELOPMENT_TEAM = 94G4HMUPVL;
				INFOPLIST_FILE = "$(SRCROOT)/InstaGrid/Supporting FIles/Info.plist";
				LD_RUNPATH_SEARCH_PATHS = (
					"$(inherited)",
					"@executable_path/Frameworks",
				);
				PRODUCT_BUNDLE_IDENTIFIER = com.QuentinMarlas.InstaGrid;
				PRODUCT_NAME = "$(TARGET_NAME)";
				SWIFT_VERSION = 5.0;
				TARGETED_DEVICE_FAMILY = "1,2";
			};
			name = Release;
		};
/* End XCBuildConfiguration section */

/* Begin XCConfigurationList section */
		29106A3A227B1B0900F1BE0D /* Build configuration list for PBXProject "InstaGrid" */ = {
			isa = XCConfigurationList;
			buildConfigurations = (
				29106A4F227B1B0A00F1BE0D /* Debug */,
				29106A50227B1B0A00F1BE0D /* Release */,
			);
			defaultConfigurationIsVisible = 0;
			defaultConfigurationName = Release;
		};
		29106A51227B1B0A00F1BE0D /* Build configuration list for PBXNativeTarget "InstaGrid" */ = {
			isa = XCConfigurationList;
			buildConfigurations = (
				29106A52227B1B0A00F1BE0D /* Debug */,
				29106A53227B1B0A00F1BE0D /* Release */,
			);
			defaultConfigurationIsVisible = 0;
			defaultConfigurationName = Release;
		};
/* End XCConfigurationList section */
	};
	rootObject = 29106A37227B1B0900F1BE0D /* Project object */;
}
